
Microsoft Visual Studio Solution File, Format Version 12.00
# Visual Studio Version 16
VisualStudioVersion = 16.0.30611.23
MinimumVisualStudioVersion = 10.0.40219.1
Project("{FAE04EC0-301F-11D3-BF4B-00C04F79EFBC}") = "kutuphane.DAL", "kutuphane.DAL\kutuphane.DAL.csproj", "{FB306FF3-EA37-4DA2-974D-26136CD5C318}"
EndProject
Project("{FAE04EC0-301F-11D3-BF4B-00C04F79EFBC}") = "kutuphane.BLL", "kutuphane.BLL\kutuphane.BLL.csproj", "{944C1F55-42F0-4AC7-BBAB-8683E48CE0DB}"
EndProject
Project("{FAE04EC0-301F-11D3-BF4B-00C04F79EFBC}") = "kutuphane.FORM", "kutuphane.FORM\kutuphane.FORM.csproj", "{F122EF91-C55E-4AEA-BB00-B8C829A686AD}"
EndProject
Global
	GlobalSection(SolutionConfigurationPlatforms) = preSolution
		Debug|Any CPU = Debug|Any CPU
		Release|Any CPU = Release|Any CPU
	EndGlobalSection
	GlobalSection(ProjectConfigurationPlatforms) = postSolution
		{FB306FF3-EA37-4DA2-974D-26136CD5C318}.Debug|Any CPU.ActiveCfg = Debug|Any CPU
		{FB306FF3-EA37-4DA2-974D-26136CD5C318}.Debug|Any CPU.Build.0 = Debug|Any CPU
		{FB306FF3-EA37-4DA2-974D-26136CD5C318}.Release|Any CPU.ActiveCfg = Release|Any CPU
		{FB306FF3-EA37-4DA2-974D-26136CD5C318}.Release|Any CPU.Build.0 = Release|Any CPU
		{944C1F55-42F0-4AC7-BBAB-8683E48CE0DB}.Debug|Any CPU.ActiveCfg = Debug|Any CPU
		{944C1F55-42F0-4AC7-BBAB-8683E48CE0DB}.Debug|Any CPU.Build.0 = Debug|Any CPU
		{944C1F55-42F0-4AC7-BBAB-8683E48CE0DB}.Release|Any CPU.ActiveCfg = Release|Any CPU
		{944C1F55-42F0-4AC7-BBAB-8683E48CE0DB}.Release|Any CPU.Build.0 = Release|Any CPU
		{F122EF91-C55E-4AEA-BB00-B8C829A686AD}.Debug|Any CPU.ActiveCfg = Debug|Any CPU
		{F122EF91-C55E-4AEA-BB00-B8C829A686AD}.Debug|Any CPU.Build.0 = Debug|Any CPU
		{F122EF91-C55E-4AEA-BB00-B8C829A686AD}.Release|Any CPU.ActiveCfg = Release|Any CPU
		{F122EF91-C55E-4AEA-BB00-B8C829A686AD}.Release|Any CPU.Build.0 = Release|Any CPU
	EndGlobalSection
	GlobalSection(SolutionProperties) = preSolution
		HideSolutionNode = FALSE
	EndGlobalSection
	GlobalSection(ExtensibilityGlobals) = postSolution
		SolutionGuid = {56CED354-6510-4F7E-B0FB-876D2483FA8C}
	EndGlobalSection
EndGlobal
