
Microsoft Visual Studio Solution File, Format Version 12.00
# Visual Studio Version 16
VisualStudioVersion = 16.0.30611.23
MinimumVisualStudioVersion = 10.0.40219.1
Project("{FAE04EC0-301F-11D3-BF4B-00C04F79EFBC}") = "kutuphane.DAL", "kutuphane.DAL\kutuphane.DAL.csproj", "{FB306FF3-EA37-4DA2-974D-26136CD5C318}"
EndProject
Project("{FAE04EC0-301F-11D3-BF4B-00C04F79EFBC}") = "kutuphane.BLL", "kutuphane.BLL\kutuphane.BLL.csproj", "{944C1F55-42F0-4AC7-BBAB-8683E48CE0DB}"
EndProject
Project("{FAE04EC0-301F-11D3-BF4B-00C04F79EFBC}") = "kutuphane.FORM", "kutuphane.FORM\kutuphane.FORM.csproj", "{F122EF91-C55E-4AEA-BB00-B8C829A686AD}"
EndProject
Project("{54435603-DBB4-11D2-8724-00A0C9A8B90C}") = "ktuuphaneSetup", "ktuuphaneSetup\ktuuphaneSetup.vdproj", "{8534A0B2-3D04-4249-9A14-7FF488F5B95B}"
EndProject
Global
	GlobalSection(SolutionConfigurationPlatforms) = preSolution
		CD_ROM|Any CPU = CD_ROM|Any CPU
		Custom|Any CPU = Custom|Any CPU
		Debug|Any CPU = Debug|Any CPU
		DVD-10|Any CPU = DVD-10|Any CPU
		DVD-18|Any CPU = DVD-18|Any CPU
		DVD-5|Any CPU = DVD-5|Any CPU
		DVD-9|Any CPU = DVD-9|Any CPU
		Release|Any CPU = Release|Any CPU
		SingleImage|Any CPU = SingleImage|Any CPU
		WebDeployment|Any CPU = WebDeployment|Any CPU
	EndGlobalSection
	GlobalSection(ProjectConfigurationPlatforms) = postSolution
		{FB306FF3-EA37-4DA2-974D-26136CD5C318}.CD_ROM|Any CPU.ActiveCfg = Release|Any CPU
		{FB306FF3-EA37-4DA2-974D-26136CD5C318}.CD_ROM|Any CPU.Build.0 = Release|Any CPU
		{FB306FF3-EA37-4DA2-974D-26136CD5C318}.Custom|Any CPU.ActiveCfg = Release|Any CPU
		{FB306FF3-EA37-4DA2-974D-26136CD5C318}.Custom|Any CPU.Build.0 = Release|Any CPU
		{FB306FF3-EA37-4DA2-974D-26136CD5C318}.Debug|Any CPU.ActiveCfg = Debug|Any CPU
		{FB306FF3-EA37-4DA2-974D-26136CD5C318}.Debug|Any CPU.Build.0 = Debug|Any CPU
		{FB306FF3-EA37-4DA2-974D-26136CD5C318}.DVD-10|Any CPU.ActiveCfg = Debug|Any CPU
		{FB306FF3-EA37-4DA2-974D-26136CD5C318}.DVD-10|Any CPU.Build.0 = Debug|Any CPU
		{FB306FF3-EA37-4DA2-974D-26136CD5C318}.DVD-18|Any CPU.ActiveCfg = Debug|Any CPU
		{FB306FF3-EA37-4DA2-974D-26136CD5C318}.DVD-18|Any CPU.Build.0 = Debug|Any CPU
		{FB306FF3-EA37-4DA2-974D-26136CD5C318}.DVD-5|Any CPU.ActiveCfg = Debug|Any CPU
		{FB306FF3-EA37-4DA2-974D-26136CD5C318}.DVD-5|Any CPU.Build.0 = Debug|Any CPU
		{FB306FF3-EA37-4DA2-974D-26136CD5C318}.DVD-9|Any CPU.ActiveCfg = Debug|Any CPU
		{FB306FF3-EA37-4DA2-974D-26136CD5C318}.DVD-9|Any CPU.Build.0 = Debug|Any CPU
		{FB306FF3-EA37-4DA2-974D-26136CD5C318}.Release|Any CPU.ActiveCfg = Release|Any CPU
		{FB306FF3-EA37-4DA2-974D-26136CD5C318}.Release|Any CPU.Build.0 = Release|Any CPU
		{FB306FF3-EA37-4DA2-974D-26136CD5C318}.SingleImage|Any CPU.ActiveCfg = Release|Any CPU
		{FB306FF3-EA37-4DA2-974D-26136CD5C318}.SingleImage|Any CPU.Build.0 = Release|Any CPU
		{FB306FF3-EA37-4DA2-974D-26136CD5C318}.WebDeployment|Any CPU.ActiveCfg = Release|Any CPU
		{FB306FF3-EA37-4DA2-974D-26136CD5C318}.WebDeployment|Any CPU.Build.0 = Release|Any CPU
		{944C1F55-42F0-4AC7-BBAB-8683E48CE0DB}.CD_ROM|Any CPU.ActiveCfg = Release|Any CPU
		{944C1F55-42F0-4AC7-BBAB-8683E48CE0DB}.CD_ROM|Any CPU.Build.0 = Release|Any CPU
		{944C1F55-42F0-4AC7-BBAB-8683E48CE0DB}.Custom|Any CPU.ActiveCfg = Release|Any CPU
		{944C1F55-42F0-4AC7-BBAB-8683E48CE0DB}.Custom|Any CPU.Build.0 = Release|Any CPU
		{944C1F55-42F0-4AC7-BBAB-8683E48CE0DB}.Debug|Any CPU.ActiveCfg = Debug|Any CPU
		{944C1F55-42F0-4AC7-BBAB-8683E48CE0DB}.Debug|Any CPU.Build.0 = Debug|Any CPU
		{944C1F55-42F0-4AC7-BBAB-8683E48CE0DB}.DVD-10|Any CPU.ActiveCfg = Debug|Any CPU
		{944C1F55-42F0-4AC7-BBAB-8683E48CE0DB}.DVD-10|Any CPU.Build.0 = Debug|Any CPU
		{944C1F55-42F0-4AC7-BBAB-8683E48CE0DB}.DVD-18|Any CPU.ActiveCfg = Debug|Any CPU
		{944C1F55-42F0-4AC7-BBAB-8683E48CE0DB}.DVD-18|Any CPU.Build.0 = Debug|Any CPU
		{944C1F55-42F0-4AC7-BBAB-8683E48CE0DB}.DVD-5|Any CPU.ActiveCfg = Debug|Any CPU
		{944C1F55-42F0-4AC7-BBAB-8683E48CE0DB}.DVD-5|Any CPU.Build.0 = Debug|Any CPU
		{944C1F55-42F0-4AC7-BBAB-8683E48CE0DB}.DVD-9|Any CPU.ActiveCfg = Debug|Any CPU
		{944C1F55-42F0-4AC7-BBAB-8683E48CE0DB}.DVD-9|Any CPU.Build.0 = Debug|Any CPU
		{944C1F55-42F0-4AC7-BBAB-8683E48CE0DB}.Release|Any CPU.ActiveCfg = Release|Any CPU
		{944C1F55-42F0-4AC7-BBAB-8683E48CE0DB}.Release|Any CPU.Build.0 = Release|Any CPU
		{944C1F55-42F0-4AC7-BBAB-8683E48CE0DB}.SingleImage|Any CPU.ActiveCfg = Release|Any CPU
		{944C1F55-42F0-4AC7-BBAB-8683E48CE0DB}.SingleImage|Any CPU.Build.0 = Release|Any CPU
		{944C1F55-42F0-4AC7-BBAB-8683E48CE0DB}.WebDeployment|Any CPU.ActiveCfg = Release|Any CPU
		{944C1F55-42F0-4AC7-BBAB-8683E48CE0DB}.WebDeployment|Any CPU.Build.0 = Release|Any CPU
		{F122EF91-C55E-4AEA-BB00-B8C829A686AD}.CD_ROM|Any CPU.ActiveCfg = Release|Any CPU
		{F122EF91-C55E-4AEA-BB00-B8C829A686AD}.CD_ROM|Any CPU.Build.0 = Release|Any CPU
		{F122EF91-C55E-4AEA-BB00-B8C829A686AD}.Custom|Any CPU.ActiveCfg = Release|Any CPU
		{F122EF91-C55E-4AEA-BB00-B8C829A686AD}.Custom|Any CPU.Build.0 = Release|Any CPU
		{F122EF91-C55E-4AEA-BB00-B8C829A686AD}.Debug|Any CPU.ActiveCfg = Debug|Any CPU
		{F122EF91-C55E-4AEA-BB00-B8C829A686AD}.Debug|Any CPU.Build.0 = Debug|Any CPU
		{F122EF91-C55E-4AEA-BB00-B8C829A686AD}.DVD-10|Any CPU.ActiveCfg = Debug|Any CPU
		{F122EF91-C55E-4AEA-BB00-B8C829A686AD}.DVD-10|Any CPU.Build.0 = Debug|Any CPU
		{F122EF91-C55E-4AEA-BB00-B8C829A686AD}.DVD-18|Any CPU.ActiveCfg = Debug|Any CPU
		{F122EF91-C55E-4AEA-BB00-B8C829A686AD}.DVD-18|Any CPU.Build.0 = Debug|Any CPU
		{F122EF91-C55E-4AEA-BB00-B8C829A686AD}.DVD-5|Any CPU.ActiveCfg = Debug|Any CPU
		{F122EF91-C55E-4AEA-BB00-B8C829A686AD}.DVD-5|Any CPU.Build.0 = Debug|Any CPU
		{F122EF91-C55E-4AEA-BB00-B8C829A686AD}.DVD-9|Any CPU.ActiveCfg = Debug|Any CPU
		{F122EF91-C55E-4AEA-BB00-B8C829A686AD}.DVD-9|Any CPU.Build.0 = Debug|Any CPU
		{F122EF91-C55E-4AEA-BB00-B8C829A686AD}.Release|Any CPU.ActiveCfg = Release|Any CPU
		{F122EF91-C55E-4AEA-BB00-B8C829A686AD}.Release|Any CPU.Build.0 = Release|Any CPU
		{F122EF91-C55E-4AEA-BB00-B8C829A686AD}.SingleImage|Any CPU.ActiveCfg = Release|Any CPU
		{F122EF91-C55E-4AEA-BB00-B8C829A686AD}.SingleImage|Any CPU.Build.0 = Release|Any CPU
		{F122EF91-C55E-4AEA-BB00-B8C829A686AD}.WebDeployment|Any CPU.ActiveCfg = Release|Any CPU
		{F122EF91-C55E-4AEA-BB00-B8C829A686AD}.WebDeployment|Any CPU.Build.0 = Release|Any CPU
		{8534A0B2-3D04-4249-9A14-7FF488F5B95B}.CD_ROM|Any CPU.ActiveCfg = Debug
		{8534A0B2-3D04-4249-9A14-7FF488F5B95B}.Custom|Any CPU.ActiveCfg = Debug
		{8534A0B2-3D04-4249-9A14-7FF488F5B95B}.Debug|Any CPU.ActiveCfg = Debug
		{8534A0B2-3D04-4249-9A14-7FF488F5B95B}.DVD-10|Any CPU.ActiveCfg = Debug
		{8534A0B2-3D04-4249-9A14-7FF488F5B95B}.DVD-18|Any CPU.ActiveCfg = Debug
		{8534A0B2-3D04-4249-9A14-7FF488F5B95B}.DVD-5|Any CPU.ActiveCfg = Debug
		{8534A0B2-3D04-4249-9A14-7FF488F5B95B}.DVD-9|Any CPU.ActiveCfg = Debug
		{8534A0B2-3D04-4249-9A14-7FF488F5B95B}.Release|Any CPU.ActiveCfg = Release
		{8534A0B2-3D04-4249-9A14-7FF488F5B95B}.SingleImage|Any CPU.ActiveCfg = Debug
		{8534A0B2-3D04-4249-9A14-7FF488F5B95B}.WebDeployment|Any CPU.ActiveCfg = Debug
	EndGlobalSection
	GlobalSection(SolutionProperties) = preSolution
		HideSolutionNode = FALSE
	EndGlobalSection
	GlobalSection(ExtensibilityGlobals) = postSolution
		SolutionGuid = {56CED354-6510-4F7E-B0FB-876D2483FA8C}
	EndGlobalSection
EndGlobal
